// !$*UTF8*$!
{
	archiveVersion = 1;
	classes = {
	};
	objectVersion = 50;
	objects = {

/* Begin PBXBuildFile section */
		F45143C1210AE90000FDEE9A /* AppDelegate.swift in Sources */ = {isa = PBXBuildFile; fileRef = F45143C0210AE90000FDEE9A /* AppDelegate.swift */; };
		F45143C3210AE90000FDEE9A /* LandingViewController.swift in Sources */ = {isa = PBXBuildFile; fileRef = F45143C2210AE90000FDEE9A /* LandingViewController.swift */; };
		F45143C6210AE90000FDEE9A /* Main.storyboard in Resources */ = {isa = PBXBuildFile; fileRef = F45143C4210AE90000FDEE9A /* Main.storyboard */; };
		F45143C8210AE90100FDEE9A /* Assets.xcassets in Resources */ = {isa = PBXBuildFile; fileRef = F45143C7210AE90100FDEE9A /* Assets.xcassets */; };
		F45143CB210AE90100FDEE9A /* LaunchScreen.storyboard in Resources */ = {isa = PBXBuildFile; fileRef = F45143C9210AE90100FDEE9A /* LaunchScreen.storyboard */; };
		F45143D5210AEC1900FDEE9A /* NavigationTheme.swift in Sources */ = {isa = PBXBuildFile; fileRef = F45143D4210AEC1900FDEE9A /* NavigationTheme.swift */; };
		F45143DD210B067600FDEE9A /* NavigationThemeTests.swift in Sources */ = {isa = PBXBuildFile; fileRef = F45143DC210B067600FDEE9A /* NavigationThemeTests.swift */; };
		F45143E4210B08C300FDEE9A /* NavigationTheme.swift in Sources */ = {isa = PBXBuildFile; fileRef = F45143D4210AEC1900FDEE9A /* NavigationTheme.swift */; };
		F45143E7210B0C6400FDEE9A /* UINavigationBar+Theme.swift in Sources */ = {isa = PBXBuildFile; fileRef = F45143E6210B0C6400FDEE9A /* UINavigationBar+Theme.swift */; };
		F45143E9210B13A000FDEE9A /* NavigationController.swift in Sources */ = {isa = PBXBuildFile; fileRef = F45143E8210B13A000FDEE9A /* NavigationController.swift */; };
		F45143EB210B1A3B00FDEE9A /* BaseViewController.swift in Sources */ = {isa = PBXBuildFile; fileRef = F45143EA210B1A3B00FDEE9A /* BaseViewController.swift */; };
/* End PBXBuildFile section */

/* Begin PBXContainerItemProxy section */
		F45143DF210B067600FDEE9A /* PBXContainerItemProxy */ = {
			isa = PBXContainerItemProxy;
			containerPortal = F45143B5210AE90000FDEE9A /* Project object */;
			proxyType = 1;
			remoteGlobalIDString = F45143BC210AE90000FDEE9A;
			remoteInfo = NavigationTheme;
		};
/* End PBXContainerItemProxy section */

/* Begin PBXFileReference section */
		F45143BD210AE90000FDEE9A /* NavigationTheme.app */ = {isa = PBXFileReference; explicitFileType = wrapper.application; includeInIndex = 0; path = NavigationTheme.app; sourceTree = BUILT_PRODUCTS_DIR; };
		F45143C0210AE90000FDEE9A /* AppDelegate.swift */ = {isa = PBXFileReference; lastKnownFileType = sourcecode.swift; path = AppDelegate.swift; sourceTree = "<group>"; };
		F45143C2210AE90000FDEE9A /* LandingViewController.swift */ = {isa = PBXFileReference; lastKnownFileType = sourcecode.swift; path = LandingViewController.swift; sourceTree = "<group>"; };
		F45143C5210AE90000FDEE9A /* Base */ = {isa = PBXFileReference; lastKnownFileType = file.storyboard; name = Base; path = Base.lproj/Main.storyboard; sourceTree = "<group>"; };
		F45143C7210AE90100FDEE9A /* Assets.xcassets */ = {isa = PBXFileReference; lastKnownFileType = folder.assetcatalog; path = Assets.xcassets; sourceTree = "<group>"; };
		F45143CA210AE90100FDEE9A /* Base */ = {isa = PBXFileReference; lastKnownFileType = file.storyboard; name = Base; path = Base.lproj/LaunchScreen.storyboard; sourceTree = "<group>"; };
		F45143CC210AE90100FDEE9A /* Info.plist */ = {isa = PBXFileReference; lastKnownFileType = text.plist.xml; path = Info.plist; sourceTree = "<group>"; };
		F45143D4210AEC1900FDEE9A /* NavigationTheme.swift */ = {isa = PBXFileReference; fileEncoding = 4; lastKnownFileType = sourcecode.swift; path = NavigationTheme.swift; sourceTree = "<group>"; };
		F45143DA210B067600FDEE9A /* NavigationThemeTests.xctest */ = {isa = PBXFileReference; explicitFileType = wrapper.cfbundle; includeInIndex = 0; path = NavigationThemeTests.xctest; sourceTree = BUILT_PRODUCTS_DIR; };
		F45143DC210B067600FDEE9A /* NavigationThemeTests.swift */ = {isa = PBXFileReference; lastKnownFileType = sourcecode.swift; path = NavigationThemeTests.swift; sourceTree = "<group>"; };
		F45143DE210B067600FDEE9A /* Info.plist */ = {isa = PBXFileReference; lastKnownFileType = text.plist.xml; path = Info.plist; sourceTree = "<group>"; };
		F45143E6210B0C6400FDEE9A /* UINavigationBar+Theme.swift */ = {isa = PBXFileReference; lastKnownFileType = sourcecode.swift; path = "UINavigationBar+Theme.swift"; sourceTree = "<group>"; };
		F45143E8210B13A000FDEE9A /* NavigationController.swift */ = {isa = PBXFileReference; lastKnownFileType = sourcecode.swift; path = NavigationController.swift; sourceTree = "<group>"; };
		F45143EA210B1A3B00FDEE9A /* BaseViewController.swift */ = {isa = PBXFileReference; lastKnownFileType = sourcecode.swift; path = BaseViewController.swift; sourceTree = "<group>"; };
/* End PBXFileReference section */

/* Begin PBXFrameworksBuildPhase section */
		F45143BA210AE90000FDEE9A /* Frameworks */ = {
			isa = PBXFrameworksBuildPhase;
			buildActionMask = 2147483647;
			files = (
			);
			runOnlyForDeploymentPostprocessing = 0;
		};
		F45143D7210B067600FDEE9A /* Frameworks */ = {
			isa = PBXFrameworksBuildPhase;
			buildActionMask = 2147483647;
			files = (
			);
			runOnlyForDeploymentPostprocessing = 0;
		};
/* End PBXFrameworksBuildPhase section */

/* Begin PBXGroup section */
		F45143B4210AE90000FDEE9A = {
			isa = PBXGroup;
			children = (
				F45143BF210AE90000FDEE9A /* NavigationTheme */,
				F45143DB210B067600FDEE9A /* NavigationThemeTests */,
				F45143BE210AE90000FDEE9A /* Products */,
			);
			sourceTree = "<group>";
		};
		F45143BE210AE90000FDEE9A /* Products */ = {
			isa = PBXGroup;
			children = (
				F45143BD210AE90000FDEE9A /* NavigationTheme.app */,
				F45143DA210B067600FDEE9A /* NavigationThemeTests.xctest */,
			);
			name = Products;
			sourceTree = "<group>";
		};
		F45143BF210AE90000FDEE9A /* NavigationTheme */ = {
			isa = PBXGroup;
			children = (
				F45143EC210B1A5200FDEE9A /* Base */,
				F45143E5210B0C1400FDEE9A /* Navigation */,
				F45143C0210AE90000FDEE9A /* AppDelegate.swift */,
				F45143C2210AE90000FDEE9A /* LandingViewController.swift */,
				F45143C4210AE90000FDEE9A /* Main.storyboard */,
				F45143C7210AE90100FDEE9A /* Assets.xcassets */,
				F45143C9210AE90100FDEE9A /* LaunchScreen.storyboard */,
				F45143CC210AE90100FDEE9A /* Info.plist */,
			);
			path = NavigationTheme;
			sourceTree = "<group>";
		};
		F45143DB210B067600FDEE9A /* NavigationThemeTests */ = {
			isa = PBXGroup;
			children = (
				F45143DC210B067600FDEE9A /* NavigationThemeTests.swift */,
				F45143DE210B067600FDEE9A /* Info.plist */,
			);
			path = NavigationThemeTests;
			sourceTree = "<group>";
		};
		F45143E5210B0C1400FDEE9A /* Navigation */ = {
			isa = PBXGroup;
			children = (
				F45143D4210AEC1900FDEE9A /* NavigationTheme.swift */,
				F45143E6210B0C6400FDEE9A /* UINavigationBar+Theme.swift */,
				F45143E8210B13A000FDEE9A /* NavigationController.swift */,
			);
			path = Navigation;
			sourceTree = "<group>";
		};
		F45143EC210B1A5200FDEE9A /* Base */ = {
			isa = PBXGroup;
			children = (
				F45143EA210B1A3B00FDEE9A /* BaseViewController.swift */,
			);
			path = Base;
			sourceTree = "<group>";
		};
/* End PBXGroup section */

/* Begin PBXNativeTarget section */
		F45143BC210AE90000FDEE9A /* NavigationTheme */ = {
			isa = PBXNativeTarget;
			buildConfigurationList = F45143CF210AE90100FDEE9A /* Build configuration list for PBXNativeTarget "NavigationTheme" */;
			buildPhases = (
				F45143B9210AE90000FDEE9A /* Sources */,
				F45143BA210AE90000FDEE9A /* Frameworks */,
				F45143BB210AE90000FDEE9A /* Resources */,
			);
			buildRules = (
			);
			dependencies = (
			);
			name = NavigationTheme;
			productName = NavigationTheme;
			productReference = F45143BD210AE90000FDEE9A /* NavigationTheme.app */;
			productType = "com.apple.product-type.application";
		};
		F45143D9210B067600FDEE9A /* NavigationThemeTests */ = {
			isa = PBXNativeTarget;
			buildConfigurationList = F45143E1210B067600FDEE9A /* Build configuration list for PBXNativeTarget "NavigationThemeTests" */;
			buildPhases = (
				F45143D6210B067600FDEE9A /* Sources */,
				F45143D7210B067600FDEE9A /* Frameworks */,
				F45143D8210B067600FDEE9A /* Resources */,
			);
			buildRules = (
			);
			dependencies = (
				F45143E0210B067600FDEE9A /* PBXTargetDependency */,
			);
			name = NavigationThemeTests;
			productName = NavigationThemeTests;
			productReference = F45143DA210B067600FDEE9A /* NavigationThemeTests.xctest */;
			productType = "com.apple.product-type.bundle.unit-test";
		};
/* End PBXNativeTarget section */

/* Begin PBXProject section */
		F45143B5210AE90000FDEE9A /* Project object */ = {
			isa = PBXProject;
			attributes = {
				LastSwiftUpdateCheck = 0940;
				LastUpgradeCheck = 0940;
				ORGANIZATIONNAME = Bomi;
				TargetAttributes = {
					F45143BC210AE90000FDEE9A = {
						CreatedOnToolsVersion = 9.4.1;
					};
					F45143D9210B067600FDEE9A = {
						CreatedOnToolsVersion = 9.4.1;
						TestTargetID = F45143BC210AE90000FDEE9A;
					};
				};
			};
			buildConfigurationList = F45143B8210AE90000FDEE9A /* Build configuration list for PBXProject "NavigationTheme" */;
			compatibilityVersion = "Xcode 9.3";
			developmentRegion = en;
			hasScannedForEncodings = 0;
			knownRegions = (
				en,
				Base,
			);
			mainGroup = F45143B4210AE90000FDEE9A;
			productRefGroup = F45143BE210AE90000FDEE9A /* Products */;
			projectDirPath = "";
			projectRoot = "";
			targets = (
				F45143BC210AE90000FDEE9A /* NavigationTheme */,
				F45143D9210B067600FDEE9A /* NavigationThemeTests */,
			);
		};
/* End PBXProject section */

/* Begin PBXResourcesBuildPhase section */
		F45143BB210AE90000FDEE9A /* Resources */ = {
			isa = PBXResourcesBuildPhase;
			buildActionMask = 2147483647;
			files = (
				F45143CB210AE90100FDEE9A /* LaunchScreen.storyboard in Resources */,
				F45143C8210AE90100FDEE9A /* Assets.xcassets in Resources */,
				F45143C6210AE90000FDEE9A /* Main.storyboard in Resources */,
			);
			runOnlyForDeploymentPostprocessing = 0;
		};
		F45143D8210B067600FDEE9A /* Resources */ = {
			isa = PBXResourcesBuildPhase;
			buildActionMask = 2147483647;
			files = (
			);
			runOnlyForDeploymentPostprocessing = 0;
		};
/* End PBXResourcesBuildPhase section */

/* Begin PBXSourcesBuildPhase section */
		F45143B9210AE90000FDEE9A /* Sources */ = {
			isa = PBXSourcesBuildPhase;
			buildActionMask = 2147483647;
			files = (
				F45143D5210AEC1900FDEE9A /* NavigationTheme.swift in Sources */,
				F45143C3210AE90000FDEE9A /* LandingViewController.swift in Sources */,
				F45143E9210B13A000FDEE9A /* NavigationController.swift in Sources */,
				F45143C1210AE90000FDEE9A /* AppDelegate.swift in Sources */,
				F45143E7210B0C6400FDEE9A /* UINavigationBar+Theme.swift in Sources */,
				F45143EB210B1A3B00FDEE9A /* BaseViewController.swift in Sources */,
			);
			runOnlyForDeploymentPostprocessing = 0;
		};
		F45143D6210B067600FDEE9A /* Sources */ = {
			isa = PBXSourcesBuildPhase;
			buildActionMask = 2147483647;
			files = (
				F45143DD210B067600FDEE9A /* NavigationThemeTests.swift in Sources */,
				F45143E4210B08C300FDEE9A /* NavigationTheme.swift in Sources */,
			);
			runOnlyForDeploymentPostprocessing = 0;
		};
/* End PBXSourcesBuildPhase section */

/* Begin PBXTargetDependency section */
		F45143E0210B067600FDEE9A /* PBXTargetDependency */ = {
			isa = PBXTargetDependency;
			target = F45143BC210AE90000FDEE9A /* NavigationTheme */;
			targetProxy = F45143DF210B067600FDEE9A /* PBXContainerItemProxy */;
		};
/* End PBXTargetDependency section */

/* Begin PBXVariantGroup section */
		F45143C4210AE90000FDEE9A /* Main.storyboard */ = {
			isa = PBXVariantGroup;
			children = (
				F45143C5210AE90000FDEE9A /* Base */,
			);
			name = Main.storyboard;
			sourceTree = "<group>";
		};
		F45143C9210AE90100FDEE9A /* LaunchScreen.storyboard */ = {
			isa = PBXVariantGroup;
			children = (
				F45143CA210AE90100FDEE9A /* Base */,
			);
			name = LaunchScreen.storyboard;
			sourceTree = "<group>";
		};
/* End PBXVariantGroup section */

/* Begin XCBuildConfiguration section */
		F45143CD210AE90100FDEE9A /* Debug */ = {
			isa = XCBuildConfiguration;
			buildSettings = {
				ALWAYS_SEARCH_USER_PATHS = NO;
				CLANG_ANALYZER_NONNULL = YES;
				CLANG_ANALYZER_NUMBER_OBJECT_CONVERSION = YES_AGGRESSIVE;
				CLANG_CXX_LANGUAGE_STANDARD = "gnu++14";
				CLANG_CXX_LIBRARY = "libc++";
				CLANG_ENABLE_MODULES = YES;
				CLANG_ENABLE_OBJC_ARC = YES;
				CLANG_ENABLE_OBJC_WEAK = YES;
				CLANG_WARN_BLOCK_CAPTURE_AUTORELEASING = YES;
				CLANG_WARN_BOOL_CONVERSION = YES;
				CLANG_WARN_COMMA = YES;
				CLANG_WARN_CONSTANT_CONVERSION = YES;
				CLANG_WARN_DEPRECATED_OBJC_IMPLEMENTATIONS = YES;
				CLANG_WARN_DIRECT_OBJC_ISA_USAGE = YES_ERROR;
				CLANG_WARN_DOCUMENTATION_COMMENTS = YES;
				CLANG_WARN_EMPTY_BODY = YES;
				CLANG_WARN_ENUM_CONVERSION = YES;
				CLANG_WARN_INFINITE_RECURSION = YES;
				CLANG_WARN_INT_CONVERSION = YES;
				CLANG_WARN_NON_LITERAL_NULL_CONVERSION = YES;
				CLANG_WARN_OBJC_IMPLICIT_RETAIN_SELF = YES;
				CLANG_WARN_OBJC_LITERAL_CONVERSION = YES;
				CLANG_WARN_OBJC_ROOT_CLASS = YES_ERROR;
				CLANG_WARN_RANGE_LOOP_ANALYSIS = YES;
				CLANG_WARN_STRICT_PROTOTYPES = YES;
				CLANG_WARN_SUSPICIOUS_MOVE = YES;
				CLANG_WARN_UNGUARDED_AVAILABILITY = YES_AGGRESSIVE;
				CLANG_WARN_UNREACHABLE_CODE = YES;
				CLANG_WARN__DUPLICATE_METHOD_MATCH = YES;
				CODE_SIGN_IDENTITY = "iPhone Developer";
				COPY_PHASE_STRIP = NO;
				DEBUG_INFORMATION_FORMAT = dwarf;
				ENABLE_STRICT_OBJC_MSGSEND = YES;
				ENABLE_TESTABILITY = YES;
				GCC_C_LANGUAGE_STANDARD = gnu11;
				GCC_DYNAMIC_NO_PIC = NO;
				GCC_NO_COMMON_BLOCKS = YES;
				GCC_OPTIMIZATION_LEVEL = 0;
				GCC_PREPROCESSOR_DEFINITIONS = (
					"DEBUG=1",
					"$(inherited)",
				);
				GCC_WARN_64_TO_32_BIT_CONVERSION = YES;
				GCC_WARN_ABOUT_RETURN_TYPE = YES_ERROR;
				GCC_WARN_UNDECLARED_SELECTOR = YES;
				GCC_WARN_UNINITIALIZED_AUTOS = YES_AGGRESSIVE;
				GCC_WARN_UNUSED_FUNCTION = YES;
				GCC_WARN_UNUSED_VARIABLE = YES;
				IPHONEOS_DEPLOYMENT_TARGET = 11.4;
				MTL_ENABLE_DEBUG_INFO = YES;
				ONLY_ACTIVE_ARCH = YES;
				SDKROOT = iphoneos;
				SWIFT_ACTIVE_COMPILATION_CONDITIONS = DEBUG;
				SWIFT_OPTIMIZATION_LEVEL = "-Onone";
			};
			name = Debug;
		};
		F45143CE210AE90100FDEE9A /* Release */ = {
			isa = XCBuildConfiguration;
			buildSettings = {
				ALWAYS_SEARCH_USER_PATHS = NO;
				CLANG_ANALYZER_NONNULL = YES;
				CLANG_ANALYZER_NUMBER_OBJECT_CONVERSION = YES_AGGRESSIVE;
				CLANG_CXX_LANGUAGE_STANDARD = "gnu++14";
				CLANG_CXX_LIBRARY = "libc++";
				CLANG_ENABLE_MODULES = YES;
				CLANG_ENABLE_OBJC_ARC = YES;
				CLANG_ENABLE_OBJC_WEAK = YES;
				CLANG_WARN_BLOCK_CAPTURE_AUTORELEASING = YES;
				CLANG_WARN_BOOL_CONVERSION = YES;
				CLANG_WARN_COMMA = YES;
				CLANG_WARN_CONSTANT_CONVERSION = YES;
				CLANG_WARN_DEPRECATED_OBJC_IMPLEMENTATIONS = YES;
				CLANG_WARN_DIRECT_OBJC_ISA_USAGE = YES_ERROR;
				CLANG_WARN_DOCUMENTATION_COMMENTS = YES;
				CLANG_WARN_EMPTY_BODY = YES;
				CLANG_WARN_ENUM_CONVERSION = YES;
				CLANG_WARN_INFINITE_RECURSION = YES;
				CLANG_WARN_INT_CONVERSION = YES;
				CLANG_WARN_NON_LITERAL_NULL_CONVERSION = YES;
				CLANG_WARN_OBJC_IMPLICIT_RETAIN_SELF = YES;
				CLANG_WARN_OBJC_LITERAL_CONVERSION = YES;
				CLANG_WARN_OBJC_ROOT_CLASS = YES_ERROR;
				CLANG_WARN_RANGE_LOOP_ANALYSIS = YES;
				CLANG_WARN_STRICT_PROTOTYPES = YES;
				CLANG_WARN_SUSPICIOUS_MOVE = YES;
				CLANG_WARN_UNGUARDED_AVAILABILITY = YES_AGGRESSIVE;
				CLANG_WARN_UNREACHABLE_CODE = YES;
				CLANG_WARN__DUPLICATE_METHOD_MATCH = YES;
				CODE_SIGN_IDENTITY = "iPhone Developer";
				COPY_PHASE_STRIP = NO;
				DEBUG_INFORMATION_FORMAT = "dwarf-with-dsym";
				ENABLE_NS_ASSERTIONS = NO;
				ENABLE_STRICT_OBJC_MSGSEND = YES;
				GCC_C_LANGUAGE_STANDARD = gnu11;
				GCC_NO_COMMON_BLOCKS = YES;
				GCC_WARN_64_TO_32_BIT_CONVERSION = YES;
				GCC_WARN_ABOUT_RETURN_TYPE = YES_ERROR;
				GCC_WARN_UNDECLARED_SELECTOR = YES;
				GCC_WARN_UNINITIALIZED_AUTOS = YES_AGGRESSIVE;
				GCC_WARN_UNUSED_FUNCTION = YES;
				GCC_WARN_UNUSED_VARIABLE = YES;
				IPHONEOS_DEPLOYMENT_TARGET = 11.4;
				MTL_ENABLE_DEBUG_INFO = NO;
				SDKROOT = iphoneos;
				SWIFT_COMPILATION_MODE = wholemodule;
				SWIFT_OPTIMIZATION_LEVEL = "-O";
				VALIDATE_PRODUCT = YES;
			};
			name = Release;
		};
		F45143D0210AE90100FDEE9A /* Debug */ = {
			isa = XCBuildConfiguration;
			buildSettings = {
				ASSETCATALOG_COMPILER_APPICON_NAME = AppIcon;
				CODE_SIGN_STYLE = Automatic;
				DEVELOPMENT_TEAM = 5VBM73Y9G2;
				INFOPLIST_FILE = NavigationTheme/Info.plist;
				LD_RUNPATH_SEARCH_PATHS = (
					"$(inherited)",
					"@executable_path/Frameworks",
				);
				PRODUCT_BUNDLE_IDENTIFIER = com.PrototypeC.NavigationTheme;
				PRODUCT_NAME = "$(TARGET_NAME)";
				SWIFT_VERSION = 4.0;
				TARGETED_DEVICE_FAMILY = "1,2";
			};
			name = Debug;
		};
		F45143D1210AE90100FDEE9A /* Release */ = {
			isa = XCBuildConfiguration;
			buildSettings = {
				ASSETCATALOG_COMPILER_APPICON_NAME = AppIcon;
				CODE_SIGN_STYLE = Automatic;
				DEVELOPMENT_TEAM = 5VBM73Y9G2;
				INFOPLIST_FILE = NavigationTheme/Info.plist;
				LD_RUNPATH_SEARCH_PATHS = (
					"$(inherited)",
					"@executable_path/Frameworks",
				);
				PRODUCT_BUNDLE_IDENTIFIER = com.PrototypeC.NavigationTheme;
				PRODUCT_NAME = "$(TARGET_NAME)";
				SWIFT_VERSION = 4.0;
				TARGETED_DEVICE_FAMILY = "1,2";
			};
			name = Release;
		};
		F45143E2210B067600FDEE9A /* Debug */ = {
			isa = XCBuildConfiguration;
			buildSettings = {
				BUNDLE_LOADER = "$(TEST_HOST)";
				CODE_SIGN_STYLE = Automatic;
				DEVELOPMENT_TEAM = 5VBM73Y9G2;
				INFOPLIST_FILE = NavigationThemeTests/Info.plist;
				LD_RUNPATH_SEARCH_PATHS = (
					"$(inherited)",
					"@executable_path/Frameworks",
					"@loader_path/Frameworks",
				);
				PRODUCT_BUNDLE_IDENTIFIER = com.PrototypeC.NavigationThemeTests;
				PRODUCT_NAME = "$(TARGET_NAME)";
				SWIFT_VERSION = 4.0;
				TARGETED_DEVICE_FAMILY = "1,2";
				TEST_HOST = "$(BUILT_PRODUCTS_DIR)/NavigationTheme.app/NavigationTheme";
			};
			name = Debug;
		};
		F45143E3210B067600FDEE9A /* Release */ = {
			isa = XCBuildConfiguration;
			buildSettings = {
				BUNDLE_LOADER = "$(TEST_HOST)";
				CODE_SIGN_STYLE = Automatic;
				DEVELOPMENT_TEAM = 5VBM73Y9G2;
				INFOPLIST_FILE = NavigationThemeTests/Info.plist;
				LD_RUNPATH_SEARCH_PATHS = (
					"$(inherited)",
					"@executable_path/Frameworks",
					"@loader_path/Frameworks",
				);
				PRODUCT_BUNDLE_IDENTIFIER = com.PrototypeC.NavigationThemeTests;
				PRODUCT_NAME = "$(TARGET_NAME)";
				SWIFT_VERSION = 4.0;
				TARGETED_DEVICE_FAMILY = "1,2";
				TEST_HOST = "$(BUILT_PRODUCTS_DIR)/NavigationTheme.app/NavigationTheme";
			};
			name = Release;
		};
/* End XCBuildConfiguration section */

/* Begin XCConfigurationList section */
		F45143B8210AE90000FDEE9A /* Build configuration list for PBXProject "NavigationTheme" */ = {
			isa = XCConfigurationList;
			buildConfigurations = (
				F45143CD210AE90100FDEE9A /* Debug */,
				F45143CE210AE90100FDEE9A /* Release */,
			);
			defaultConfigurationIsVisible = 0;
			defaultConfigurationName = Release;
		};
		F45143CF210AE90100FDEE9A /* Build configuration list for PBXNativeTarget "NavigationTheme" */ = {
			isa = XCConfigurationList;
			buildConfigurations = (
				F45143D0210AE90100FDEE9A /* Debug */,
				F45143D1210AE90100FDEE9A /* Release */,
			);
			defaultConfigurationIsVisible = 0;
			defaultConfigurationName = Release;
		};
		F45143E1210B067600FDEE9A /* Build configuration list for PBXNativeTarget "NavigationThemeTests" */ = {
			isa = XCConfigurationList;
			buildConfigurations = (
				F45143E2210B067600FDEE9A /* Debug */,
				F45143E3210B067600FDEE9A /* Release */,
			);
			defaultConfigurationIsVisible = 0;
			defaultConfigurationName = Release;
		};
/* End XCConfigurationList section */
	};
	rootObject = F45143B5210AE90000FDEE9A /* Project object */;
}
